
Microsoft Visual Studio Solution File, Format Version 12.00
# Visual Studio Version 17
VisualStudioVersion = 17.6.33801.468
MinimumVisualStudioVersion = 10.0.40219.1
Project("{8BC9CEB8-8B4A-11D0-8D11-00A0C91BC942}") = "BfpDrv", "BfpDrv\BfpDrv.vcxproj", "{8EFB00CE-85B0-4E66-8378-4DD7A199470E}"
EndProject
Project("{8BC9CEB8-8B4A-11D0-8D11-00A0C91BC942}") = "ShellExtension", "ShellExtension\ShellExtension.vcxproj", "{89DD1364-76A5-452A-AAE7-A59A5926AF78}"
EndProject
Project("{8BC9CEB8-8B4A-11D0-8D11-00A0C91BC942}") = "OverlayIcon", "OverlayIcon\OverlayIcon.vcxproj", "{E3C01473-656A-4D66-9469-1589AE9FDAD1}"
EndProject
Global
	GlobalSection(SolutionConfigurationPlatforms) = preSolution
		Debug|x64 = Debug|x64
		Debug|x86 = Debug|x86
		Release|x64 = Release|x64
		Release|x86 = Release|x86
		Test|x64 = Test|x64
		Test|x86 = Test|x86
	EndGlobalSection
	GlobalSection(ProjectConfigurationPlatforms) = postSolution
		{8EFB00CE-85B0-4E66-8378-4DD7A199470E}.Debug|x64.ActiveCfg = Debug|x64
		{8EFB00CE-85B0-4E66-8378-4DD7A199470E}.Debug|x64.Build.0 = Debug|x64
		{8EFB00CE-85B0-4E66-8378-4DD7A199470E}.Debug|x64.Deploy.0 = Debug|x64
		{8EFB00CE-85B0-4E66-8378-4DD7A199470E}.Debug|x86.ActiveCfg = Debug|x64
		{8EFB00CE-85B0-4E66-8378-4DD7A199470E}.Debug|x86.Build.0 = Debug|x64
		{8EFB00CE-85B0-4E66-8378-4DD7A199470E}.Debug|x86.Deploy.0 = Debug|x64
		{8EFB00CE-85B0-4E66-8378-4DD7A199470E}.Release|x64.ActiveCfg = Release|x64
		{8EFB00CE-85B0-4E66-8378-4DD7A199470E}.Release|x64.Build.0 = Release|x64
		{8EFB00CE-85B0-4E66-8378-4DD7A199470E}.Release|x64.Deploy.0 = Release|x64
		{8EFB00CE-85B0-4E66-8378-4DD7A199470E}.Release|x86.ActiveCfg = Release|x64
		{8EFB00CE-85B0-4E66-8378-4DD7A199470E}.Release|x86.Build.0 = Release|x64
		{8EFB00CE-85B0-4E66-8378-4DD7A199470E}.Release|x86.Deploy.0 = Release|x64
		{8EFB00CE-85B0-4E66-8378-4DD7A199470E}.Test|x64.ActiveCfg = Test|x64
		{8EFB00CE-85B0-4E66-8378-4DD7A199470E}.Test|x64.Build.0 = Test|x64
		{8EFB00CE-85B0-4E66-8378-4DD7A199470E}.Test|x64.Deploy.0 = Test|x64
		{8EFB00CE-85B0-4E66-8378-4DD7A199470E}.Test|x86.ActiveCfg = Test|x64
		{8EFB00CE-85B0-4E66-8378-4DD7A199470E}.Test|x86.Build.0 = Test|x64
		{8EFB00CE-85B0-4E66-8378-4DD7A199470E}.Test|x86.Deploy.0 = Test|x64
		{89DD1364-76A5-452A-AAE7-A59A5926AF78}.Debug|x64.ActiveCfg = Debug|x64
		{89DD1364-76A5-452A-AAE7-A59A5926AF78}.Debug|x64.Build.0 = Debug|x64
		{89DD1364-76A5-452A-AAE7-A59A5926AF78}.Debug|x86.ActiveCfg = Debug|x64
		{89DD1364-76A5-452A-AAE7-A59A5926AF78}.Debug|x86.Build.0 = Debug|x64
		{89DD1364-76A5-452A-AAE7-A59A5926AF78}.Release|x64.ActiveCfg = Release|x64
		{89DD1364-76A5-452A-AAE7-A59A5926AF78}.Release|x64.Build.0 = Release|x64
		{89DD1364-76A5-452A-AAE7-A59A5926AF78}.Release|x86.ActiveCfg = Release|x64
		{89DD1364-76A5-452A-AAE7-A59A5926AF78}.Release|x86.Build.0 = Release|x64
		{89DD1364-76A5-452A-AAE7-A59A5926AF78}.Test|x64.ActiveCfg = Test|x64
		{89DD1364-76A5-452A-AAE7-A59A5926AF78}.Test|x64.Build.0 = Test|x64
		{89DD1364-76A5-452A-AAE7-A59A5926AF78}.Test|x86.ActiveCfg = Test|x64
		{89DD1364-76A5-452A-AAE7-A59A5926AF78}.Test|x86.Build.0 = Test|x64
		{E3C01473-656A-4D66-9469-1589AE9FDAD1}.Debug|x64.ActiveCfg = Debug|x64
		{E3C01473-656A-4D66-9469-1589AE9FDAD1}.Debug|x64.Build.0 = Debug|x64
		{E3C01473-656A-4D66-9469-1589AE9FDAD1}.Debug|x86.ActiveCfg = Debug|Win32
		{E3C01473-656A-4D66-9469-1589AE9FDAD1}.Debug|x86.Build.0 = Debug|Win32
		{E3C01473-656A-4D66-9469-1589AE9FDAD1}.Release|x64.ActiveCfg = Release|x64
		{E3C01473-656A-4D66-9469-1589AE9FDAD1}.Release|x64.Build.0 = Release|x64
		{E3C01473-656A-4D66-9469-1589AE9FDAD1}.Release|x86.ActiveCfg = Release|Win32
		{E3C01473-656A-4D66-9469-1589AE9FDAD1}.Release|x86.Build.0 = Release|Win32
		{E3C01473-656A-4D66-9469-1589AE9FDAD1}.Test|x64.ActiveCfg = Test|x64
		{E3C01473-656A-4D66-9469-1589AE9FDAD1}.Test|x64.Build.0 = Test|x64
		{E3C01473-656A-4D66-9469-1589AE9FDAD1}.Test|x86.ActiveCfg = Test|Win32
		{E3C01473-656A-4D66-9469-1589AE9FDAD1}.Test|x86.Build.0 = Test|Win32
	EndGlobalSection
	GlobalSection(SolutionProperties) = preSolution
		HideSolutionNode = FALSE
	EndGlobalSection
	GlobalSection(ExtensibilityGlobals) = postSolution
		SolutionGuid = {A48CC1F6-162E-4518-8EC8-403CB7DFD8FB}
	EndGlobalSection
EndGlobal
