<?xml version="1.0" encoding="utf-8"?>
<Project ToolsVersion="4.0" xmlns="http://schemas.microsoft.com/developer/msbuild/2003">
  <ItemGroup>
    <Filter Include="Source Files">
      <UniqueIdentifier>{4FC737F1-C7A5-4376-A066-2A32D752A2FF}</UniqueIdentifier>
      <Extensions>cpp;c;cc;cxx;def;odl;idl;hpj;bat;asm;asmx</Extensions>
    </Filter>
    <Filter Include="Resource Files">
      <UniqueIdentifier>{67DA6AB6-F800-4c08-8B7A-83BB121AAD01}</UniqueIdentifier>
      <Extensions>rc;ico;cur;bmp;dlg;rc2;rct;bin;rgs;gif;jpg;jpeg;jpe;resx;tiff;tif;png;wav;mfcribbon-ms</Extensions>
    </Filter>
    <Filter Include="Driver Files">
      <UniqueIdentifier>{8E41214B-6785-4CFE-B992-037D68949A14}</UniqueIdentifier>
      <Extensions>inf;inv;inx;mof;mc;</Extensions>
    </Filter>
    <Filter Include="Utility">
      <UniqueIdentifier>{93995380-89BD-4b04-88EB-625FBE52EBFB}</UniqueIdentifier>
      <Extensions>h;hpp;hxx;hm;inl;inc;xsd</Extensions>
    </Filter>
    <Filter Include="Utility\C++">
      <UniqueIdentifier>{ff97a810-3181-49b5-8909-efb351957192}</UniqueIdentifier>
    </Filter>
    <Filter Include="Shared">
      <UniqueIdentifier>{c6eb89af-aa70-4855-b36a-c12a75869bde}</UniqueIdentifier>
    </Filter>
    <Filter Include="Utility\CustomFeature">
      <UniqueIdentifier>{acdf056a-0ad1-4225-a449-fe67e6df5b14}</UniqueIdentifier>
    </Filter>
  </ItemGroup>
  <ItemGroup>
    <None Include="ReadMe.txt" />
    <None Include="cpp.hint" />
  </ItemGroup>
  <ItemGroup>
    <Inf Include="BfpDrv.inf">
      <Filter>Driver Files</Filter>
    </Inf>
  </ItemGroup>
  <ItemGroup>
    <ClInclude Include="MiniFilter.h">
      <Filter>Source Files</Filter>
    </ClInclude>
    <ClInclude Include="Utility\Shared.h">
      <Filter>Utility</Filter>
    </ClInclude>
    <ClInclude Include="Utility\C++\memory.h">
      <Filter>Utility\C++</Filter>
    </ClInclude>
    <ClInclude Include="Utility\C++\queue.h">
      <Filter>Utility\C++</Filter>
    </ClInclude>
    <ClInclude Include="MiniFilterUtils.h">
      <Filter>Source Files</Filter>
    </ClInclude>
    <ClInclude Include="..\Shared\Communication.h">
      <Filter>Shared</Filter>
    </ClInclude>
    <ClInclude Include="Driver.h">
      <Filter>Source Files</Filter>
    </ClInclude>
    <ClInclude Include="Utility\C++\string.h">
      <Filter>Utility\C++</Filter>
    </ClInclude>
    <ClInclude Include="Utility\CustomFeature\object.h">
      <Filter>Utility\CustomFeature</Filter>
    </ClInclude>
    <ClInclude Include="Utility\CustomFeature\defer.h">
      <Filter>Utility\CustomFeature</Filter>
    </ClInclude>
    <ClInclude Include="Utility\C++\map.h">
      <Filter>Utility\C++</Filter>
    </ClInclude>
    <ClInclude Include="Utility\C++\list.h">
      <Filter>Utility\C++</Filter>
    </ClInclude>
    <ClInclude Include="Utility\C++\mutex.h">
      <Filter>Utility</Filter>
    </ClInclude>
    <ClInclude Include="Utility\C++\vector.h">
      <Filter>Utility\C++</Filter>
    </ClInclude>
    <ClInclude Include="Utility\CustomFeature\tag.h">
      <Filter>Utility\CustomFeature</Filter>
    </ClInclude>
  </ItemGroup>
  <ItemGroup>
    <ClCompile Include="Entry.cpp">
      <Filter>Source Files</Filter>
    </ClCompile>
    <ClCompile Include="MiniFilter.cpp">
      <Filter>Source Files</Filter>
    </ClCompile>
    <ClCompile Include="Utility\Shared.cpp">
      <Filter>Utility</Filter>
    </ClCompile>
    <ClCompile Include="MiniFilterUtils.cpp">
      <Filter>Source Files</Filter>
    </ClCompile>
    <ClCompile Include="..\Shared\Communication.cpp">
      <Filter>Shared</Filter>
    </ClCompile>
    <ClCompile Include="Driver.cpp">
      <Filter>Source Files</Filter>
    </ClCompile>
  </ItemGroup>
</Project>